// !$*UTF8*$!
{
	archiveVersion = 1;
	classes = {
	};
	objectVersion = 51;
	objects = {

/* Begin PBXBuildFile section */
		2DE30BB5697B4A8DE5F62907 /* Pods_ReceitaApp2.framework in Frameworks */ = {isa = PBXBuildFile; fileRef = DA887005E8B378CCD457CDA5 /* Pods_ReceitaApp2.framework */; };
		741CE74422A740A400BC9E4A /* GoogleService-Info.plist in Resources */ = {isa = PBXBuildFile; fileRef = 741CE74322A740A400BC9E4A /* GoogleService-Info.plist */; };
		741CE74622A7456700BC9E4A /* DAOFirebase.swift in Sources */ = {isa = PBXBuildFile; fileRef = 741CE74522A7456700BC9E4A /* DAOFirebase.swift */; };
		74300B1322834F58005E0141 /* Model.swift in Sources */ = {isa = PBXBuildFile; fileRef = 74300B1222834F58005E0141 /* Model.swift */; };
		744FD93922A361DB0029236A /* ReceitaCollectionCell.swift in Sources */ = {isa = PBXBuildFile; fileRef = 744FD93822A361DB0029236A /* ReceitaCollectionCell.swift */; };
		744FD93B22A3629D0029236A /* ReceitasBoardViewController.swift in Sources */ = {isa = PBXBuildFile; fileRef = 744FD93A22A3629D0029236A /* ReceitasBoardViewController.swift */; };
		7471B0082280F366005FCC97 /* Receita.swift in Sources */ = {isa = PBXBuildFile; fileRef = 7471B0072280F365005FCC97 /* Receita.swift */; };
		7471B00A2280FC7E005FCC97 /* FavoritosViewController.swift in Sources */ = {isa = PBXBuildFile; fileRef = 7471B0092280FC7E005FCC97 /* FavoritosViewController.swift */; };
		74A67CE42278C337008E9ECA /* AppDelegate.swift in Sources */ = {isa = PBXBuildFile; fileRef = 74A67CE32278C337008E9ECA /* AppDelegate.swift */; };
		74A67CE62278C337008E9ECA /* ViewController.swift in Sources */ = {isa = PBXBuildFile; fileRef = 74A67CE52278C337008E9ECA /* ViewController.swift */; };
		74A67CE92278C337008E9ECA /* Main.storyboard in Resources */ = {isa = PBXBuildFile; fileRef = 74A67CE72278C337008E9ECA /* Main.storyboard */; };
		74A67CEB2278C339008E9ECA /* Assets.xcassets in Resources */ = {isa = PBXBuildFile; fileRef = 74A67CEA2278C339008E9ECA /* Assets.xcassets */; };
		74A67CEE2278C339008E9ECA /* LaunchScreen.storyboard in Resources */ = {isa = PBXBuildFile; fileRef = 74A67CEC2278C339008E9ECA /* LaunchScreen.storyboard */; };
		74A67CF62278DD9E008E9ECA /* ReceitaViewController.swift in Sources */ = {isa = PBXBuildFile; fileRef = 74A67CF52278DD9E008E9ECA /* ReceitaViewController.swift */; };
		74F31D76228B8742009F827C /* ReceitasTableViewController.swift in Sources */ = {isa = PBXBuildFile; fileRef = 74F31D75228B8742009F827C /* ReceitasTableViewController.swift */; };
		74F31D78228B8995009F827C /* ReceitaCell.swift in Sources */ = {isa = PBXBuildFile; fileRef = 74F31D77228B8995009F827C /* ReceitaCell.swift */; };
/* End PBXBuildFile section */

/* Begin PBXFileReference section */
		741CE74322A740A400BC9E4A /* GoogleService-Info.plist */ = {isa = PBXFileReference; fileEncoding = 4; lastKnownFileType = text.plist.xml; path = "GoogleService-Info.plist"; sourceTree = "<group>"; };
		741CE74522A7456700BC9E4A /* DAOFirebase.swift */ = {isa = PBXFileReference; lastKnownFileType = sourcecode.swift; path = DAOFirebase.swift; sourceTree = "<group>"; };
		74300B1222834F58005E0141 /* Model.swift */ = {isa = PBXFileReference; lastKnownFileType = sourcecode.swift; path = Model.swift; sourceTree = "<group>"; };
		744FD93822A361DB0029236A /* ReceitaCollectionCell.swift */ = {isa = PBXFileReference; lastKnownFileType = sourcecode.swift; path = ReceitaCollectionCell.swift; sourceTree = "<group>"; };
		744FD93A22A3629D0029236A /* ReceitasBoardViewController.swift */ = {isa = PBXFileReference; lastKnownFileType = sourcecode.swift; path = ReceitasBoardViewController.swift; sourceTree = "<group>"; };
		7471B0072280F365005FCC97 /* Receita.swift */ = {isa = PBXFileReference; lastKnownFileType = sourcecode.swift; path = Receita.swift; sourceTree = "<group>"; };
		7471B0092280FC7E005FCC97 /* FavoritosViewController.swift */ = {isa = PBXFileReference; lastKnownFileType = sourcecode.swift; path = FavoritosViewController.swift; sourceTree = "<group>"; };
		74A67CE02278C337008E9ECA /* ReceitaApp2.app */ = {isa = PBXFileReference; explicitFileType = wrapper.application; includeInIndex = 0; path = ReceitaApp2.app; sourceTree = BUILT_PRODUCTS_DIR; };
		74A67CE32278C337008E9ECA /* AppDelegate.swift */ = {isa = PBXFileReference; lastKnownFileType = sourcecode.swift; path = AppDelegate.swift; sourceTree = "<group>"; };
		74A67CE52278C337008E9ECA /* ViewController.swift */ = {isa = PBXFileReference; lastKnownFileType = sourcecode.swift; path = ViewController.swift; sourceTree = "<group>"; };
		74A67CE82278C337008E9ECA /* Base */ = {isa = PBXFileReference; lastKnownFileType = file.storyboard; name = Base; path = Base.lproj/Main.storyboard; sourceTree = "<group>"; };
		74A67CEA2278C339008E9ECA /* Assets.xcassets */ = {isa = PBXFileReference; lastKnownFileType = folder.assetcatalog; path = Assets.xcassets; sourceTree = "<group>"; };
		74A67CED2278C339008E9ECA /* Base */ = {isa = PBXFileReference; lastKnownFileType = file.storyboard; name = Base; path = Base.lproj/LaunchScreen.storyboard; sourceTree = "<group>"; };
		74A67CEF2278C339008E9ECA /* Info.plist */ = {isa = PBXFileReference; lastKnownFileType = text.plist.xml; path = Info.plist; sourceTree = "<group>"; };
		74A67CF52278DD9E008E9ECA /* ReceitaViewController.swift */ = {isa = PBXFileReference; lastKnownFileType = sourcecode.swift; path = ReceitaViewController.swift; sourceTree = "<group>"; };
		74F31D75228B8742009F827C /* ReceitasTableViewController.swift */ = {isa = PBXFileReference; lastKnownFileType = sourcecode.swift; path = ReceitasTableViewController.swift; sourceTree = "<group>"; };
		74F31D77228B8995009F827C /* ReceitaCell.swift */ = {isa = PBXFileReference; lastKnownFileType = sourcecode.swift; path = ReceitaCell.swift; sourceTree = "<group>"; };
		864A9289518E61295AFE0052 /* Pods-ReceitaApp2.release.xcconfig */ = {isa = PBXFileReference; includeInIndex = 1; lastKnownFileType = text.xcconfig; name = "Pods-ReceitaApp2.release.xcconfig"; path = "Target Support Files/Pods-ReceitaApp2/Pods-ReceitaApp2.release.xcconfig"; sourceTree = "<group>"; };
		A051B2549FB53F50DDDADAF9 /* Pods-ReceitaApp2.debug.xcconfig */ = {isa = PBXFileReference; includeInIndex = 1; lastKnownFileType = text.xcconfig; name = "Pods-ReceitaApp2.debug.xcconfig"; path = "Target Support Files/Pods-ReceitaApp2/Pods-ReceitaApp2.debug.xcconfig"; sourceTree = "<group>"; };
		DA887005E8B378CCD457CDA5 /* Pods_ReceitaApp2.framework */ = {isa = PBXFileReference; explicitFileType = wrapper.framework; includeInIndex = 0; path = Pods_ReceitaApp2.framework; sourceTree = BUILT_PRODUCTS_DIR; };
/* End PBXFileReference section */

/* Begin PBXFrameworksBuildPhase section */
		74A67CDD2278C337008E9ECA /* Frameworks */ = {
			isa = PBXFrameworksBuildPhase;
			buildActionMask = 2147483647;
			files = (
				2DE30BB5697B4A8DE5F62907 /* Pods_ReceitaApp2.framework in Frameworks */,
			);
			runOnlyForDeploymentPostprocessing = 0;
		};
/* End PBXFrameworksBuildPhase section */

/* Begin PBXGroup section */
		03F6F4ACE0E147608BF591D2 /* Frameworks */ = {
			isa = PBXGroup;
			children = (
				DA887005E8B378CCD457CDA5 /* Pods_ReceitaApp2.framework */,
			);
			name = Frameworks;
			sourceTree = "<group>";
		};
		387460106AFA40C915D2FECB /* Pods */ = {
			isa = PBXGroup;
			children = (
				A051B2549FB53F50DDDADAF9 /* Pods-ReceitaApp2.debug.xcconfig */,
				864A9289518E61295AFE0052 /* Pods-ReceitaApp2.release.xcconfig */,
			);
			path = Pods;
			sourceTree = "<group>";
		};
		74A67CD72278C337008E9ECA = {
			isa = PBXGroup;
			children = (
				74A67CE22278C337008E9ECA /* ReceitaApp2 */,
				74A67CE12278C337008E9ECA /* Products */,
				387460106AFA40C915D2FECB /* Pods */,
				03F6F4ACE0E147608BF591D2 /* Frameworks */,
			);
			sourceTree = "<group>";
		};
		74A67CE12278C337008E9ECA /* Products */ = {
			isa = PBXGroup;
			children = (
				74A67CE02278C337008E9ECA /* ReceitaApp2.app */,
			);
			name = Products;
			sourceTree = "<group>";
		};
		74A67CE22278C337008E9ECA /* ReceitaApp2 */ = {
			isa = PBXGroup;
			children = (
				74F31D73228B83AD009F827C /* Model */,
				74F31D74228B83E3009F827C /* View */,
				74F31D72228B8390009F827C /* Controller */,
				74A67CE32278C337008E9ECA /* AppDelegate.swift */,
				74A67CEF2278C339008E9ECA /* Info.plist */,
			);
			path = ReceitaApp2;
			sourceTree = "<group>";
		};
		74F31D72228B8390009F827C /* Controller */ = {
			isa = PBXGroup;
			children = (
				74A67CF52278DD9E008E9ECA /* ReceitaViewController.swift */,
				74F31D75228B8742009F827C /* ReceitasTableViewController.swift */,
				744FD93A22A3629D0029236A /* ReceitasBoardViewController.swift */,
				7471B0092280FC7E005FCC97 /* FavoritosViewController.swift */,
				74A67CE52278C337008E9ECA /* ViewController.swift */,
			);
			path = Controller;
			sourceTree = "<group>";
		};
		74F31D73228B83AD009F827C /* Model */ = {
			isa = PBXGroup;
			children = (
				741CE74322A740A400BC9E4A /* GoogleService-Info.plist */,
				7471B0072280F365005FCC97 /* Receita.swift */,
				741CE74522A7456700BC9E4A /* DAOFirebase.swift */,
				74300B1222834F58005E0141 /* Model.swift */,
			);
			path = Model;
			sourceTree = "<group>";
		};
		74F31D74228B83E3009F827C /* View */ = {
			isa = PBXGroup;
			children = (
				74A67CE72278C337008E9ECA /* Main.storyboard */,
				74F31D77228B8995009F827C /* ReceitaCell.swift */,
				744FD93822A361DB0029236A /* ReceitaCollectionCell.swift */,
				74A67CEA2278C339008E9ECA /* Assets.xcassets */,
				74A67CEC2278C339008E9ECA /* LaunchScreen.storyboard */,
			);
			path = View;
			sourceTree = "<group>";
		};
/* End PBXGroup section */

/* Begin PBXNativeTarget section */
		74A67CDF2278C337008E9ECA /* ReceitaApp2 */ = {
			isa = PBXNativeTarget;
			buildConfigurationList = 74A67CF22278C339008E9ECA /* Build configuration list for PBXNativeTarget "ReceitaApp2" */;
			buildPhases = (
				236CB1984924F56CE24F91E9 /* [CP] Check Pods Manifest.lock */,
				74A67CDC2278C337008E9ECA /* Sources */,
				74A67CDD2278C337008E9ECA /* Frameworks */,
				74A67CDE2278C337008E9ECA /* Resources */,
				B5567D462DD8EF08537E59D5 /* [CP] Embed Pods Frameworks */,
				CBC1DC2B412C0DCC6B7A938E /* [CP] Copy Pods Resources */,
			);
			buildRules = (
			);
			dependencies = (
			);
			name = ReceitaApp2;
			productName = ReceitaApp2;
			productReference = 74A67CE02278C337008E9ECA /* ReceitaApp2.app */;
			productType = "com.apple.product-type.application";
		};
/* End PBXNativeTarget section */

/* Begin PBXProject section */
		74A67CD82278C337008E9ECA /* Project object */ = {
			isa = PBXProject;
			attributes = {
				LastSwiftUpdateCheck = 1010;
				LastUpgradeCheck = 1010;
				ORGANIZATIONNAME = "Luiz Veloso";
				TargetAttributes = {
					74A67CDF2278C337008E9ECA = {
						CreatedOnToolsVersion = 10.1;
					};
				};
			};
			buildConfigurationList = 74A67CDB2278C337008E9ECA /* Build configuration list for PBXProject "ReceitaApp2" */;
			compatibilityVersion = "Xcode 9.3";
			developmentRegion = en;
			hasScannedForEncodings = 0;
			knownRegions = (
				en,
				Base,
			);
			mainGroup = 74A67CD72278C337008E9ECA;
			productRefGroup = 74A67CE12278C337008E9ECA /* Products */;
			projectDirPath = "";
			projectRoot = "";
			targets = (
				74A67CDF2278C337008E9ECA /* ReceitaApp2 */,
			);
		};
/* End PBXProject section */

/* Begin PBXResourcesBuildPhase section */
		74A67CDE2278C337008E9ECA /* Resources */ = {
			isa = PBXResourcesBuildPhase;
			buildActionMask = 2147483647;
			files = (
				74A67CEE2278C339008E9ECA /* LaunchScreen.storyboard in Resources */,
				741CE74422A740A400BC9E4A /* GoogleService-Info.plist in Resources */,
				74A67CEB2278C339008E9ECA /* Assets.xcassets in Resources */,
				74A67CE92278C337008E9ECA /* Main.storyboard in Resources */,
			);
			runOnlyForDeploymentPostprocessing = 0;
		};
/* End PBXResourcesBuildPhase section */

/* Begin PBXShellScriptBuildPhase section */
		236CB1984924F56CE24F91E9 /* [CP] Check Pods Manifest.lock */ = {
			isa = PBXShellScriptBuildPhase;
			buildActionMask = 2147483647;
			files = (
			);
			inputFileListPaths = (
			);
			inputPaths = (
				"${PODS_PODFILE_DIR_PATH}/Podfile.lock",
				"${PODS_ROOT}/Manifest.lock",
			);
			name = "[CP] Check Pods Manifest.lock";
			outputFileListPaths = (
			);
			outputPaths = (
				"$(DERIVED_FILE_DIR)/Pods-ReceitaApp2-checkManifestLockResult.txt",
			);
			runOnlyForDeploymentPostprocessing = 0;
			shellPath = /bin/sh;
			shellScript = "diff \"${PODS_PODFILE_DIR_PATH}/Podfile.lock\" \"${PODS_ROOT}/Manifest.lock\" > /dev/null\nif [ $? != 0 ] ; then\n    # print error to STDERR\n    echo \"error: The sandbox is not in sync with the Podfile.lock. Run 'pod install' or update your CocoaPods installation.\" >&2\n    exit 1\nfi\n# This output is used by Xcode 'outputs' to avoid re-running this script phase.\necho \"SUCCESS\" > \"${SCRIPT_OUTPUT_FILE_0}\"\n";
			showEnvVarsInLog = 0;
		};
		B5567D462DD8EF08537E59D5 /* [CP] Embed Pods Frameworks */ = {
			isa = PBXShellScriptBuildPhase;
			buildActionMask = 2147483647;
			files = (
			);
			inputFileListPaths = (
				"${PODS_ROOT}/Target Support Files/Pods-ReceitaApp2/Pods-ReceitaApp2-frameworks-${CONFIGURATION}-input-files.xcfilelist",
			);
			name = "[CP] Embed Pods Frameworks";
			outputFileListPaths = (
				"${PODS_ROOT}/Target Support Files/Pods-ReceitaApp2/Pods-ReceitaApp2-frameworks-${CONFIGURATION}-output-files.xcfilelist",
			);
			runOnlyForDeploymentPostprocessing = 0;
			shellPath = /bin/sh;
			shellScript = "\"${PODS_ROOT}/Target Support Files/Pods-ReceitaApp2/Pods-ReceitaApp2-frameworks.sh\"\n";
			showEnvVarsInLog = 0;
		};
		CBC1DC2B412C0DCC6B7A938E /* [CP] Copy Pods Resources */ = {
			isa = PBXShellScriptBuildPhase;
			buildActionMask = 2147483647;
			files = (
			);
			inputFileListPaths = (
				"${PODS_ROOT}/Target Support Files/Pods-ReceitaApp2/Pods-ReceitaApp2-resources-${CONFIGURATION}-input-files.xcfilelist",
			);
			name = "[CP] Copy Pods Resources";
			outputFileListPaths = (
				"${PODS_ROOT}/Target Support Files/Pods-ReceitaApp2/Pods-ReceitaApp2-resources-${CONFIGURATION}-output-files.xcfilelist",
			);
			runOnlyForDeploymentPostprocessing = 0;
			shellPath = /bin/sh;
			shellScript = "\"${PODS_ROOT}/Target Support Files/Pods-ReceitaApp2/Pods-ReceitaApp2-resources.sh\"\n";
			showEnvVarsInLog = 0;
		};
/* End PBXShellScriptBuildPhase section */

/* Begin PBXSourcesBuildPhase section */
		74A67CDC2278C337008E9ECA /* Sources */ = {
			isa = PBXSourcesBuildPhase;
			buildActionMask = 2147483647;
			files = (
				744FD93922A361DB0029236A /* ReceitaCollectionCell.swift in Sources */,
				741CE74622A7456700BC9E4A /* DAOFirebase.swift in Sources */,
				74A67CE62278C337008E9ECA /* ViewController.swift in Sources */,
				74F31D78228B8995009F827C /* ReceitaCell.swift in Sources */,
				7471B0082280F366005FCC97 /* Receita.swift in Sources */,
				74A67CF62278DD9E008E9ECA /* ReceitaViewController.swift in Sources */,
				744FD93B22A3629D0029236A /* ReceitasBoardViewController.swift in Sources */,
				74300B1322834F58005E0141 /* Model.swift in Sources */,
				74F31D76228B8742009F827C /* ReceitasTableViewController.swift in Sources */,
				74A67CE42278C337008E9ECA /* AppDelegate.swift in Sources */,
				7471B00A2280FC7E005FCC97 /* FavoritosViewController.swift in Sources */,
			);
			runOnlyForDeploymentPostprocessing = 0;
		};
/* End PBXSourcesBuildPhase section */

/* Begin PBXVariantGroup section */
		74A67CE72278C337008E9ECA /* Main.storyboard */ = {
			isa = PBXVariantGroup;
			children = (
				74A67CE82278C337008E9ECA /* Base */,
			);
			name = Main.storyboard;
			sourceTree = "<group>";
		};
		74A67CEC2278C339008E9ECA /* LaunchScreen.storyboard */ = {
			isa = PBXVariantGroup;
			children = (
				74A67CED2278C339008E9ECA /* Base */,
			);
			name = LaunchScreen.storyboard;
			sourceTree = "<group>";
		};
/* End PBXVariantGroup section */

/* Begin XCBuildConfiguration section */
		74A67CF02278C339008E9ECA /* Debug */ = {
			isa = XCBuildConfiguration;
			buildSettings = {
				ALWAYS_SEARCH_USER_PATHS = NO;
				CLANG_ANALYZER_NONNULL = YES;
				CLANG_ANALYZER_NUMBER_OBJECT_CONVERSION = YES_AGGRESSIVE;
				CLANG_CXX_LANGUAGE_STANDARD = "gnu++14";
				CLANG_CXX_LIBRARY = "libc++";
				CLANG_ENABLE_MODULES = YES;
				CLANG_ENABLE_OBJC_ARC = YES;
				CLANG_ENABLE_OBJC_WEAK = YES;
				CLANG_WARN_BLOCK_CAPTURE_AUTORELEASING = YES;
				CLANG_WARN_BOOL_CONVERSION = YES;
				CLANG_WARN_COMMA = YES;
				CLANG_WARN_CONSTANT_CONVERSION = YES;
				CLANG_WARN_DEPRECATED_OBJC_IMPLEMENTATIONS = YES;
				CLANG_WARN_DIRECT_OBJC_ISA_USAGE = YES_ERROR;
				CLANG_WARN_DOCUMENTATION_COMMENTS = YES;
				CLANG_WARN_EMPTY_BODY = YES;
				CLANG_WARN_ENUM_CONVERSION = YES;
				CLANG_WARN_INFINITE_RECURSION = YES;
				CLANG_WARN_INT_CONVERSION = YES;
				CLANG_WARN_NON_LITERAL_NULL_CONVERSION = YES;
				CLANG_WARN_OBJC_IMPLICIT_RETAIN_SELF = YES;
				CLANG_WARN_OBJC_LITERAL_CONVERSION = YES;
				CLANG_WARN_OBJC_ROOT_CLASS = YES_ERROR;
				CLANG_WARN_RANGE_LOOP_ANALYSIS = YES;
				CLANG_WARN_STRICT_PROTOTYPES = YES;
				CLANG_WARN_SUSPICIOUS_MOVE = YES;
				CLANG_WARN_UNGUARDED_AVAILABILITY = YES_AGGRESSIVE;
				CLANG_WARN_UNREACHABLE_CODE = YES;
				CLANG_WARN__DUPLICATE_METHOD_MATCH = YES;
				CODE_SIGN_IDENTITY = "iPhone Developer";
				COPY_PHASE_STRIP = NO;
				DEBUG_INFORMATION_FORMAT = dwarf;
				ENABLE_STRICT_OBJC_MSGSEND = YES;
				ENABLE_TESTABILITY = YES;
				GCC_C_LANGUAGE_STANDARD = gnu11;
				GCC_DYNAMIC_NO_PIC = NO;
				GCC_NO_COMMON_BLOCKS = YES;
				GCC_OPTIMIZATION_LEVEL = 0;
				GCC_PREPROCESSOR_DEFINITIONS = (
					"DEBUG=1",
					"$(inherited)",
				);
				GCC_WARN_64_TO_32_BIT_CONVERSION = YES;
				GCC_WARN_ABOUT_RETURN_TYPE = YES_ERROR;
				GCC_WARN_UNDECLARED_SELECTOR = YES;
				GCC_WARN_UNINITIALIZED_AUTOS = YES_AGGRESSIVE;
				GCC_WARN_UNUSED_FUNCTION = YES;
				GCC_WARN_UNUSED_VARIABLE = YES;
				IPHONEOS_DEPLOYMENT_TARGET = 12.1;
				MTL_ENABLE_DEBUG_INFO = INCLUDE_SOURCE;
				MTL_FAST_MATH = YES;
				ONLY_ACTIVE_ARCH = YES;
				SDKROOT = iphoneos;
				SWIFT_ACTIVE_COMPILATION_CONDITIONS = DEBUG;
				SWIFT_OPTIMIZATION_LEVEL = "-Onone";
			};
			name = Debug;
		};
		74A67CF12278C339008E9ECA /* Release */ = {
			isa = XCBuildConfiguration;
			buildSettings = {
				ALWAYS_SEARCH_USER_PATHS = NO;
				CLANG_ANALYZER_NONNULL = YES;
				CLANG_ANALYZER_NUMBER_OBJECT_CONVERSION = YES_AGGRESSIVE;
				CLANG_CXX_LANGUAGE_STANDARD = "gnu++14";
				CLANG_CXX_LIBRARY = "libc++";
				CLANG_ENABLE_MODULES = YES;
				CLANG_ENABLE_OBJC_ARC = YES;
				CLANG_ENABLE_OBJC_WEAK = YES;
				CLANG_WARN_BLOCK_CAPTURE_AUTORELEASING = YES;
				CLANG_WARN_BOOL_CONVERSION = YES;
				CLANG_WARN_COMMA = YES;
				CLANG_WARN_CONSTANT_CONVERSION = YES;
				CLANG_WARN_DEPRECATED_OBJC_IMPLEMENTATIONS = YES;
				CLANG_WARN_DIRECT_OBJC_ISA_USAGE = YES_ERROR;
				CLANG_WARN_DOCUMENTATION_COMMENTS = YES;
				CLANG_WARN_EMPTY_BODY = YES;
				CLANG_WARN_ENUM_CONVERSION = YES;
				CLANG_WARN_INFINITE_RECURSION = YES;
				CLANG_WARN_INT_CONVERSION = YES;
				CLANG_WARN_NON_LITERAL_NULL_CONVERSION = YES;
				CLANG_WARN_OBJC_IMPLICIT_RETAIN_SELF = YES;
				CLANG_WARN_OBJC_LITERAL_CONVERSION = YES;
				CLANG_WARN_OBJC_ROOT_CLASS = YES_ERROR;
				CLANG_WARN_RANGE_LOOP_ANALYSIS = YES;
				CLANG_WARN_STRICT_PROTOTYPES = YES;
				CLANG_WARN_SUSPICIOUS_MOVE = YES;
				CLANG_WARN_UNGUARDED_AVAILABILITY = YES_AGGRESSIVE;
				CLANG_WARN_UNREACHABLE_CODE = YES;
				CLANG_WARN__DUPLICATE_METHOD_MATCH = YES;
				CODE_SIGN_IDENTITY = "iPhone Developer";
				COPY_PHASE_STRIP = NO;
				DEBUG_INFORMATION_FORMAT = "dwarf-with-dsym";
				ENABLE_NS_ASSERTIONS = NO;
				ENABLE_STRICT_OBJC_MSGSEND = YES;
				GCC_C_LANGUAGE_STANDARD = gnu11;
				GCC_NO_COMMON_BLOCKS = YES;
				GCC_WARN_64_TO_32_BIT_CONVERSION = YES;
				GCC_WARN_ABOUT_RETURN_TYPE = YES_ERROR;
				GCC_WARN_UNDECLARED_SELECTOR = YES;
				GCC_WARN_UNINITIALIZED_AUTOS = YES_AGGRESSIVE;
				GCC_WARN_UNUSED_FUNCTION = YES;
				GCC_WARN_UNUSED_VARIABLE = YES;
				IPHONEOS_DEPLOYMENT_TARGET = 12.1;
				MTL_ENABLE_DEBUG_INFO = NO;
				MTL_FAST_MATH = YES;
				SDKROOT = iphoneos;
				SWIFT_COMPILATION_MODE = wholemodule;
				SWIFT_OPTIMIZATION_LEVEL = "-O";
				VALIDATE_PRODUCT = YES;
			};
			name = Release;
		};
		74A67CF32278C339008E9ECA /* Debug */ = {
			isa = XCBuildConfiguration;
			baseConfigurationReference = A051B2549FB53F50DDDADAF9 /* Pods-ReceitaApp2.debug.xcconfig */;
			buildSettings = {
				ASSETCATALOG_COMPILER_APPICON_NAME = AppIcon;
				CODE_SIGN_STYLE = Automatic;
				DEVELOPMENT_TEAM = 3963AZ5GF9;
				INFOPLIST_FILE = ReceitaApp2/Info.plist;
				LD_RUNPATH_SEARCH_PATHS = (
					"$(inherited)",
					"@executable_path/Frameworks",
				);
				PRODUCT_BUNDLE_IDENTIFIER = br.com.luizv.ReceitaAppDemo;
				PRODUCT_NAME = "$(TARGET_NAME)";
				SWIFT_VERSION = 4.2;
				TARGETED_DEVICE_FAMILY = "1,2";
			};
			name = Debug;
		};
		74A67CF42278C339008E9ECA /* Release */ = {
			isa = XCBuildConfiguration;
			baseConfigurationReference = 864A9289518E61295AFE0052 /* Pods-ReceitaApp2.release.xcconfig */;
			buildSettings = {
				ASSETCATALOG_COMPILER_APPICON_NAME = AppIcon;
				CODE_SIGN_STYLE = Automatic;
				DEVELOPMENT_TEAM = 3963AZ5GF9;
				INFOPLIST_FILE = ReceitaApp2/Info.plist;
				LD_RUNPATH_SEARCH_PATHS = (
					"$(inherited)",
					"@executable_path/Frameworks",
				);
				PRODUCT_BUNDLE_IDENTIFIER = br.com.luizv.ReceitaAppDemo;
				PRODUCT_NAME = "$(TARGET_NAME)";
				SWIFT_VERSION = 4.2;
				TARGETED_DEVICE_FAMILY = "1,2";
			};
			name = Release;
		};
/* End XCBuildConfiguration section */

/* Begin XCConfigurationList section */
		74A67CDB2278C337008E9ECA /* Build configuration list for PBXProject "ReceitaApp2" */ = {
			isa = XCConfigurationList;
			buildConfigurations = (
				74A67CF02278C339008E9ECA /* Debug */,
				74A67CF12278C339008E9ECA /* Release */,
			);
			defaultConfigurationIsVisible = 0;
			defaultConfigurationName = Release;
		};
		74A67CF22278C339008E9ECA /* Build configuration list for PBXNativeTarget "ReceitaApp2" */ = {
			isa = XCConfigurationList;
			buildConfigurations = (
				74A67CF32278C339008E9ECA /* Debug */,
				74A67CF42278C339008E9ECA /* Release */,
			);
			defaultConfigurationIsVisible = 0;
			defaultConfigurationName = Release;
		};
/* End XCConfigurationList section */
	};
	rootObject = 74A67CD82278C337008E9ECA /* Project object */;
}
